// !$*UTF8*$!
{
	archiveVersion = 1;
	classes = {
	};
	objectVersion = 50;
	objects = {

/* Begin PBXBuildFile section */
		E79CA4C92280AFA3001D738B /* MessageModel.swift in Sources */ = {isa = PBXBuildFile; fileRef = E79CA4C82280AFA3001D738B /* MessageModel.swift */; };
		E79CA4CB2282012A001D738B /* Asests.xcassets in Resources */ = {isa = PBXBuildFile; fileRef = E79CA4CA2282012A001D738B /* Asests.xcassets */; };
		E79CA4D0228219D6001D738B /* SenderhatTableViewCell.xib in Resources */ = {isa = PBXBuildFile; fileRef = E79CA4CE228219D6001D738B /* SenderhatTableViewCell.xib */; };
		E79CA4D1228219D6001D738B /* SenderhatTableViewCell.swift in Sources */ = {isa = PBXBuildFile; fileRef = E79CA4CF228219D6001D738B /* SenderhatTableViewCell.swift */; };
		E79CA4D622821E7A001D738B /* ReceiverChatTableViewCell.xib in Resources */ = {isa = PBXBuildFile; fileRef = E79CA4D422821E7A001D738B /* ReceiverChatTableViewCell.xib */; };
		E79CA4D722821E7A001D738B /* ReceiverChatTableViewCell.swift in Sources */ = {isa = PBXBuildFile; fileRef = E79CA4D522821E7A001D738B /* ReceiverChatTableViewCell.swift */; };
		E7D45C19227C8F08005E0D18 /* AppDelegate.swift in Sources */ = {isa = PBXBuildFile; fileRef = E7D45C18227C8F08005E0D18 /* AppDelegate.swift */; };
		E7D45C1B227C8F08005E0D18 /* ViewController.swift in Sources */ = {isa = PBXBuildFile; fileRef = E7D45C1A227C8F08005E0D18 /* ViewController.swift */; };
		E7D45C1E227C8F08005E0D18 /* Main.storyboard in Resources */ = {isa = PBXBuildFile; fileRef = E7D45C1C227C8F08005E0D18 /* Main.storyboard */; };
		E7D45C23227C8F28005E0D18 /* LaunchScreen.storyboard in Resources */ = {isa = PBXBuildFile; fileRef = E7D45C21227C8F28005E0D18 /* LaunchScreen.storyboard */; };
		E7D45C2E227C8F2B005E0D18 /* messagingappTests.swift in Sources */ = {isa = PBXBuildFile; fileRef = E7D45C2D227C8F2B005E0D18 /* messagingappTests.swift */; };
		E7D45C39227C8F2B005E0D18 /* messagingappUITests.swift in Sources */ = {isa = PBXBuildFile; fileRef = E7D45C38227C8F2B005E0D18 /* messagingappUITests.swift */; };
/* End PBXBuildFile section */

/* Begin PBXContainerItemProxy section */
		E7D45C2A227C8F2B005E0D18 /* PBXContainerItemProxy */ = {
			isa = PBXContainerItemProxy;
			containerPortal = E7D45C0D227C8F08005E0D18 /* Project object */;
			proxyType = 1;
			remoteGlobalIDString = E7D45C14227C8F08005E0D18;
			remoteInfo = messagingapp;
		};
		E7D45C35227C8F2B005E0D18 /* PBXContainerItemProxy */ = {
			isa = PBXContainerItemProxy;
			containerPortal = E7D45C0D227C8F08005E0D18 /* Project object */;
			proxyType = 1;
			remoteGlobalIDString = E7D45C14227C8F08005E0D18;
			remoteInfo = messagingapp;
		};
/* End PBXContainerItemProxy section */

/* Begin PBXFileReference section */
		E79CA4C82280AFA3001D738B /* MessageModel.swift */ = {isa = PBXFileReference; lastKnownFileType = sourcecode.swift; path = MessageModel.swift; sourceTree = "<group>"; };
		E79CA4CA2282012A001D738B /* Asests.xcassets */ = {isa = PBXFileReference; lastKnownFileType = folder.assetcatalog; path = Asests.xcassets; sourceTree = "<group>"; };
		E79CA4CE228219D6001D738B /* SenderhatTableViewCell.xib */ = {isa = PBXFileReference; lastKnownFileType = file.xib; path = SenderhatTableViewCell.xib; sourceTree = "<group>"; };
		E79CA4CF228219D6001D738B /* SenderhatTableViewCell.swift */ = {isa = PBXFileReference; lastKnownFileType = sourcecode.swift; path = SenderhatTableViewCell.swift; sourceTree = "<group>"; };
		E79CA4D422821E7A001D738B /* ReceiverChatTableViewCell.xib */ = {isa = PBXFileReference; lastKnownFileType = file.xib; path = ReceiverChatTableViewCell.xib; sourceTree = "<group>"; };
		E79CA4D522821E7A001D738B /* ReceiverChatTableViewCell.swift */ = {isa = PBXFileReference; lastKnownFileType = sourcecode.swift; path = ReceiverChatTableViewCell.swift; sourceTree = "<group>"; };
		E7D45C15227C8F08005E0D18 /* messagingapp.app */ = {isa = PBXFileReference; explicitFileType = wrapper.application; includeInIndex = 0; path = messagingapp.app; sourceTree = BUILT_PRODUCTS_DIR; };
		E7D45C18227C8F08005E0D18 /* AppDelegate.swift */ = {isa = PBXFileReference; lastKnownFileType = sourcecode.swift; path = AppDelegate.swift; sourceTree = "<group>"; };
		E7D45C1A227C8F08005E0D18 /* ViewController.swift */ = {isa = PBXFileReference; lastKnownFileType = sourcecode.swift; path = ViewController.swift; sourceTree = "<group>"; };
		E7D45C1D227C8F08005E0D18 /* Base */ = {isa = PBXFileReference; lastKnownFileType = file.storyboard; name = Base; path = Base.lproj/Main.storyboard; sourceTree = "<group>"; };
		E7D45C22227C8F28005E0D18 /* Base */ = {isa = PBXFileReference; lastKnownFileType = file.storyboard; name = Base; path = Base.lproj/LaunchScreen.storyboard; sourceTree = "<group>"; };
		E7D45C24227C8F28005E0D18 /* Info.plist */ = {isa = PBXFileReference; lastKnownFileType = text.plist.xml; path = Info.plist; sourceTree = "<group>"; };
		E7D45C29227C8F2B005E0D18 /* messagingappTests.xctest */ = {isa = PBXFileReference; explicitFileType = wrapper.cfbundle; includeInIndex = 0; path = messagingappTests.xctest; sourceTree = BUILT_PRODUCTS_DIR; };
		E7D45C2D227C8F2B005E0D18 /* messagingappTests.swift */ = {isa = PBXFileReference; lastKnownFileType = sourcecode.swift; path = messagingappTests.swift; sourceTree = "<group>"; };
		E7D45C2F227C8F2B005E0D18 /* Info.plist */ = {isa = PBXFileReference; lastKnownFileType = text.plist.xml; path = Info.plist; sourceTree = "<group>"; };
		E7D45C34227C8F2B005E0D18 /* messagingappUITests.xctest */ = {isa = PBXFileReference; explicitFileType = wrapper.cfbundle; includeInIndex = 0; path = messagingappUITests.xctest; sourceTree = BUILT_PRODUCTS_DIR; };
		E7D45C38227C8F2B005E0D18 /* messagingappUITests.swift */ = {isa = PBXFileReference; lastKnownFileType = sourcecode.swift; path = messagingappUITests.swift; sourceTree = "<group>"; };
		E7D45C3A227C8F2B005E0D18 /* Info.plist */ = {isa = PBXFileReference; lastKnownFileType = text.plist.xml; path = Info.plist; sourceTree = "<group>"; };
/* End PBXFileReference section */

/* Begin PBXFrameworksBuildPhase section */
		E7D45C12227C8F08005E0D18 /* Frameworks */ = {
			isa = PBXFrameworksBuildPhase;
			buildActionMask = 2147483647;
			files = (
			);
			runOnlyForDeploymentPostprocessing = 0;
		};
		E7D45C26227C8F2B005E0D18 /* Frameworks */ = {
			isa = PBXFrameworksBuildPhase;
			buildActionMask = 2147483647;
			files = (
			);
			runOnlyForDeploymentPostprocessing = 0;
		};
		E7D45C31227C8F2B005E0D18 /* Frameworks */ = {
			isa = PBXFrameworksBuildPhase;
			buildActionMask = 2147483647;
			files = (
			);
			runOnlyForDeploymentPostprocessing = 0;
		};
/* End PBXFrameworksBuildPhase section */

/* Begin PBXGroup section */
		E7D45C0C227C8F07005E0D18 = {
			isa = PBXGroup;
			children = (
				E79CA4CA2282012A001D738B /* Asests.xcassets */,
				E7D45C17227C8F08005E0D18 /* messagingapp */,
				E7D45C2C227C8F2B005E0D18 /* messagingappTests */,
				E7D45C37227C8F2B005E0D18 /* messagingappUITests */,
				E7D45C16227C8F08005E0D18 /* Products */,
			);
			sourceTree = "<group>";
		};
		E7D45C16227C8F08005E0D18 /* Products */ = {
			isa = PBXGroup;
			children = (
				E7D45C15227C8F08005E0D18 /* messagingapp.app */,
				E7D45C29227C8F2B005E0D18 /* messagingappTests.xctest */,
				E7D45C34227C8F2B005E0D18 /* messagingappUITests.xctest */,
			);
			name = Products;
			sourceTree = "<group>";
		};
		E7D45C17227C8F08005E0D18 /* messagingapp */ = {
			isa = PBXGroup;
			children = (
				E79CA4D422821E7A001D738B /* ReceiverChatTableViewCell.xib */,
				E79CA4D522821E7A001D738B /* ReceiverChatTableViewCell.swift */,
				E79CA4CE228219D6001D738B /* SenderhatTableViewCell.xib */,
				E79CA4CF228219D6001D738B /* SenderhatTableViewCell.swift */,
				E7D45C18227C8F08005E0D18 /* AppDelegate.swift */,
				E7D45C1A227C8F08005E0D18 /* ViewController.swift */,
				E79CA4C82280AFA3001D738B /* MessageModel.swift */,
				E7D45C1C227C8F08005E0D18 /* Main.storyboard */,
				E7D45C21227C8F28005E0D18 /* LaunchScreen.storyboard */,
				E7D45C24227C8F28005E0D18 /* Info.plist */,
			);
			path = messagingapp;
			sourceTree = "<group>";
		};
		E7D45C2C227C8F2B005E0D18 /* messagingappTests */ = {
			isa = PBXGroup;
			children = (
				E7D45C2D227C8F2B005E0D18 /* messagingappTests.swift */,
				E7D45C2F227C8F2B005E0D18 /* Info.plist */,
			);
			path = messagingappTests;
			sourceTree = "<group>";
		};
		E7D45C37227C8F2B005E0D18 /* messagingappUITests */ = {
			isa = PBXGroup;
			children = (
				E7D45C38227C8F2B005E0D18 /* messagingappUITests.swift */,
				E7D45C3A227C8F2B005E0D18 /* Info.plist */,
			);
			path = messagingappUITests;
			sourceTree = "<group>";
		};
/* End PBXGroup section */

/* Begin PBXNativeTarget section */
		E7D45C14227C8F08005E0D18 /* messagingapp */ = {
			isa = PBXNativeTarget;
			buildConfigurationList = E7D45C3D227C8F2B005E0D18 /* Build configuration list for PBXNativeTarget "messagingapp" */;
			buildPhases = (
				E7D45C11227C8F08005E0D18 /* Sources */,
				E7D45C12227C8F08005E0D18 /* Frameworks */,
				E7D45C13227C8F08005E0D18 /* Resources */,
			);
			buildRules = (
			);
			dependencies = (
			);
			name = messagingapp;
			productName = messagingapp;
			productReference = E7D45C15227C8F08005E0D18 /* messagingapp.app */;
			productType = "com.apple.product-type.application";
		};
		E7D45C28227C8F2B005E0D18 /* messagingappTests */ = {
			isa = PBXNativeTarget;
			buildConfigurationList = E7D45C40227C8F2B005E0D18 /* Build configuration list for PBXNativeTarget "messagingappTests" */;
			buildPhases = (
				E7D45C25227C8F2B005E0D18 /* Sources */,
				E7D45C26227C8F2B005E0D18 /* Frameworks */,
				E7D45C27227C8F2B005E0D18 /* Resources */,
			);
			buildRules = (
			);
			dependencies = (
				E7D45C2B227C8F2B005E0D18 /* PBXTargetDependency */,
			);
			name = messagingappTests;
			productName = messagingappTests;
			productReference = E7D45C29227C8F2B005E0D18 /* messagingappTests.xctest */;
			productType = "com.apple.product-type.bundle.unit-test";
		};
		E7D45C33227C8F2B005E0D18 /* messagingappUITests */ = {
			isa = PBXNativeTarget;
			buildConfigurationList = E7D45C43227C8F2B005E0D18 /* Build configuration list for PBXNativeTarget "messagingappUITests" */;
			buildPhases = (
				E7D45C30227C8F2B005E0D18 /* Sources */,
				E7D45C31227C8F2B005E0D18 /* Frameworks */,
				E7D45C32227C8F2B005E0D18 /* Resources */,
			);
			buildRules = (
			);
			dependencies = (
				E7D45C36227C8F2B005E0D18 /* PBXTargetDependency */,
			);
			name = messagingappUITests;
			productName = messagingappUITests;
			productReference = E7D45C34227C8F2B005E0D18 /* messagingappUITests.xctest */;
			productType = "com.apple.product-type.bundle.ui-testing";
		};
/* End PBXNativeTarget section */

/* Begin PBXProject section */
		E7D45C0D227C8F08005E0D18 /* Project object */ = {
			isa = PBXProject;
			attributes = {
				LastSwiftUpdateCheck = 1020;
				LastUpgradeCheck = 1020;
				ORGANIZATIONNAME = "Yan Dias";
				TargetAttributes = {
					E7D45C14227C8F08005E0D18 = {
						CreatedOnToolsVersion = 10.2;
					};
					E7D45C28227C8F2B005E0D18 = {
						CreatedOnToolsVersion = 10.2;
						TestTargetID = E7D45C14227C8F08005E0D18;
					};
					E7D45C33227C8F2B005E0D18 = {
						CreatedOnToolsVersion = 10.2;
						TestTargetID = E7D45C14227C8F08005E0D18;
					};
				};
			};
			buildConfigurationList = E7D45C10227C8F08005E0D18 /* Build configuration list for PBXProject "messagingapp" */;
			compatibilityVersion = "Xcode 9.3";
			developmentRegion = en;
			hasScannedForEncodings = 0;
			knownRegions = (
				en,
				Base,
			);
			mainGroup = E7D45C0C227C8F07005E0D18;
			productRefGroup = E7D45C16227C8F08005E0D18 /* Products */;
			projectDirPath = "";
			projectRoot = "";
			targets = (
				E7D45C14227C8F08005E0D18 /* messagingapp */,
				E7D45C28227C8F2B005E0D18 /* messagingappTests */,
				E7D45C33227C8F2B005E0D18 /* messagingappUITests */,
			);
		};
/* End PBXProject section */

/* Begin PBXResourcesBuildPhase section */
		E7D45C13227C8F08005E0D18 /* Resources */ = {
			isa = PBXResourcesBuildPhase;
			buildActionMask = 2147483647;
			files = (
				E79CA4D0228219D6001D738B /* SenderhatTableViewCell.xib in Resources */,
				E79CA4D622821E7A001D738B /* ReceiverChatTableViewCell.xib in Resources */,
				E7D45C23227C8F28005E0D18 /* LaunchScreen.storyboard in Resources */,
				E79CA4CB2282012A001D738B /* Asests.xcassets in Resources */,
				E7D45C1E227C8F08005E0D18 /* Main.storyboard in Resources */,
			);
			runOnlyForDeploymentPostprocessing = 0;
		};
		E7D45C27227C8F2B005E0D18 /* Resources */ = {
			isa = PBXResourcesBuildPhase;
			buildActionMask = 2147483647;
			files = (
			);
			runOnlyForDeploymentPostprocessing = 0;
		};
		E7D45C32227C8F2B005E0D18 /* Resources */ = {
			isa = PBXResourcesBuildPhase;
			buildActionMask = 2147483647;
			files = (
			);
			runOnlyForDeploymentPostprocessing = 0;
		};
/* End PBXResourcesBuildPhase section */

/* Begin PBXSourcesBuildPhase section */
		E7D45C11227C8F08005E0D18 /* Sources */ = {
			isa = PBXSourcesBuildPhase;
			buildActionMask = 2147483647;
			files = (
				E79CA4D722821E7A001D738B /* ReceiverChatTableViewCell.swift in Sources */,
				E7D45C1B227C8F08005E0D18 /* ViewController.swift in Sources */,
				E7D45C19227C8F08005E0D18 /* AppDelegate.swift in Sources */,
				E79CA4C92280AFA3001D738B /* MessageModel.swift in Sources */,
				E79CA4D1228219D6001D738B /* SenderhatTableViewCell.swift in Sources */,
			);
			runOnlyForDeploymentPostprocessing = 0;
		};
		E7D45C25227C8F2B005E0D18 /* Sources */ = {
			isa = PBXSourcesBuildPhase;
			buildActionMask = 2147483647;
			files = (
				E7D45C2E227C8F2B005E0D18 /* messagingappTests.swift in Sources */,
			);
			runOnlyForDeploymentPostprocessing = 0;
		};
		E7D45C30227C8F2B005E0D18 /* Sources */ = {
			isa = PBXSourcesBuildPhase;
			buildActionMask = 2147483647;
			files = (
				E7D45C39227C8F2B005E0D18 /* messagingappUITests.swift in Sources */,
			);
			runOnlyForDeploymentPostprocessing = 0;
		};
/* End PBXSourcesBuildPhase section */

/* Begin PBXTargetDependency section */
		E7D45C2B227C8F2B005E0D18 /* PBXTargetDependency */ = {
			isa = PBXTargetDependency;
			target = E7D45C14227C8F08005E0D18 /* messagingapp */;
			targetProxy = E7D45C2A227C8F2B005E0D18 /* PBXContainerItemProxy */;
		};
		E7D45C36227C8F2B005E0D18 /* PBXTargetDependency */ = {
			isa = PBXTargetDependency;
			target = E7D45C14227C8F08005E0D18 /* messagingapp */;
			targetProxy = E7D45C35227C8F2B005E0D18 /* PBXContainerItemProxy */;
		};
/* End PBXTargetDependency section */

/* Begin PBXVariantGroup section */
		E7D45C1C227C8F08005E0D18 /* Main.storyboard */ = {
			isa = PBXVariantGroup;
			children = (
				E7D45C1D227C8F08005E0D18 /* Base */,
			);
			name = Main.storyboard;
			sourceTree = "<group>";
		};
		E7D45C21227C8F28005E0D18 /* LaunchScreen.storyboard */ = {
			isa = PBXVariantGroup;
			children = (
				E7D45C22227C8F28005E0D18 /* Base */,
			);
			name = LaunchScreen.storyboard;
			sourceTree = "<group>";
		};
/* End PBXVariantGroup section */

/* Begin XCBuildConfiguration section */
		E7D45C3B227C8F2B005E0D18 /* Debug */ = {
			isa = XCBuildConfiguration;
			buildSettings = {
				ALWAYS_SEARCH_USER_PATHS = NO;
				CLANG_ANALYZER_NONNULL = YES;
				CLANG_ANALYZER_NUMBER_OBJECT_CONVERSION = YES_AGGRESSIVE;
				CLANG_CXX_LANGUAGE_STANDARD = "gnu++14";
				CLANG_CXX_LIBRARY = "libc++";
				CLANG_ENABLE_MODULES = YES;
				CLANG_ENABLE_OBJC_ARC = YES;
				CLANG_ENABLE_OBJC_WEAK = YES;
				CLANG_WARN_BLOCK_CAPTURE_AUTORELEASING = YES;
				CLANG_WARN_BOOL_CONVERSION = YES;
				CLANG_WARN_COMMA = YES;
				CLANG_WARN_CONSTANT_CONVERSION = YES;
				CLANG_WARN_DEPRECATED_OBJC_IMPLEMENTATIONS = YES;
				CLANG_WARN_DIRECT_OBJC_ISA_USAGE = YES_ERROR;
				CLANG_WARN_DOCUMENTATION_COMMENTS = YES;
				CLANG_WARN_EMPTY_BODY = YES;
				CLANG_WARN_ENUM_CONVERSION = YES;
				CLANG_WARN_INFINITE_RECURSION = YES;
				CLANG_WARN_INT_CONVERSION = YES;
				CLANG_WARN_NON_LITERAL_NULL_CONVERSION = YES;
				CLANG_WARN_OBJC_IMPLICIT_RETAIN_SELF = YES;
				CLANG_WARN_OBJC_LITERAL_CONVERSION = YES;
				CLANG_WARN_OBJC_ROOT_CLASS = YES_ERROR;
				CLANG_WARN_RANGE_LOOP_ANALYSIS = YES;
				CLANG_WARN_STRICT_PROTOTYPES = YES;
				CLANG_WARN_SUSPICIOUS_MOVE = YES;
				CLANG_WARN_UNGUARDED_AVAILABILITY = YES_AGGRESSIVE;
				CLANG_WARN_UNREACHABLE_CODE = YES;
				CLANG_WARN__DUPLICATE_METHOD_MATCH = YES;
				CODE_SIGN_IDENTITY = "iPhone Developer";
				COPY_PHASE_STRIP = NO;
				DEBUG_INFORMATION_FORMAT = dwarf;
				ENABLE_STRICT_OBJC_MSGSEND = YES;
				ENABLE_TESTABILITY = YES;
				GCC_C_LANGUAGE_STANDARD = gnu11;
				GCC_DYNAMIC_NO_PIC = NO;
				GCC_NO_COMMON_BLOCKS = YES;
				GCC_OPTIMIZATION_LEVEL = 0;
				GCC_PREPROCESSOR_DEFINITIONS = (
					"DEBUG=1",
					"$(inherited)",
				);
				GCC_WARN_64_TO_32_BIT_CONVERSION = YES;
				GCC_WARN_ABOUT_RETURN_TYPE = YES_ERROR;
				GCC_WARN_UNDECLARED_SELECTOR = YES;
				GCC_WARN_UNINITIALIZED_AUTOS = YES_AGGRESSIVE;
				GCC_WARN_UNUSED_FUNCTION = YES;
				GCC_WARN_UNUSED_VARIABLE = YES;
				IPHONEOS_DEPLOYMENT_TARGET = 12.2;
				MTL_ENABLE_DEBUG_INFO = INCLUDE_SOURCE;
				MTL_FAST_MATH = YES;
				ONLY_ACTIVE_ARCH = YES;
				SDKROOT = iphoneos;
				SWIFT_ACTIVE_COMPILATION_CONDITIONS = DEBUG;
				SWIFT_OPTIMIZATION_LEVEL = "-Onone";
			};
			name = Debug;
		};
		E7D45C3C227C8F2B005E0D18 /* Release */ = {
			isa = XCBuildConfiguration;
			buildSettings = {
				ALWAYS_SEARCH_USER_PATHS = NO;
				CLANG_ANALYZER_NONNULL = YES;
				CLANG_ANALYZER_NUMBER_OBJECT_CONVERSION = YES_AGGRESSIVE;
				CLANG_CXX_LANGUAGE_STANDARD = "gnu++14";
				CLANG_CXX_LIBRARY = "libc++";
				CLANG_ENABLE_MODULES = YES;
				CLANG_ENABLE_OBJC_ARC = YES;
				CLANG_ENABLE_OBJC_WEAK = YES;
				CLANG_WARN_BLOCK_CAPTURE_AUTORELEASING = YES;
				CLANG_WARN_BOOL_CONVERSION = YES;
				CLANG_WARN_COMMA = YES;
				CLANG_WARN_CONSTANT_CONVERSION = YES;
				CLANG_WARN_DEPRECATED_OBJC_IMPLEMENTATIONS = YES;
				CLANG_WARN_DIRECT_OBJC_ISA_USAGE = YES_ERROR;
				CLANG_WARN_DOCUMENTATION_COMMENTS = YES;
				CLANG_WARN_EMPTY_BODY = YES;
				CLANG_WARN_ENUM_CONVERSION = YES;
				CLANG_WARN_INFINITE_RECURSION = YES;
				CLANG_WARN_INT_CONVERSION = YES;
				CLANG_WARN_NON_LITERAL_NULL_CONVERSION = YES;
				CLANG_WARN_OBJC_IMPLICIT_RETAIN_SELF = YES;
				CLANG_WARN_OBJC_LITERAL_CONVERSION = YES;
				CLANG_WARN_OBJC_ROOT_CLASS = YES_ERROR;
				CLANG_WARN_RANGE_LOOP_ANALYSIS = YES;
				CLANG_WARN_STRICT_PROTOTYPES = YES;
				CLANG_WARN_SUSPICIOUS_MOVE = YES;
				CLANG_WARN_UNGUARDED_AVAILABILITY = YES_AGGRESSIVE;
				CLANG_WARN_UNREACHABLE_CODE = YES;
				CLANG_WARN__DUPLICATE_METHOD_MATCH = YES;
				CODE_SIGN_IDENTITY = "iPhone Developer";
				COPY_PHASE_STRIP = NO;
				DEBUG_INFORMATION_FORMAT = "dwarf-with-dsym";
				ENABLE_NS_ASSERTIONS = NO;
				ENABLE_STRICT_OBJC_MSGSEND = YES;
				GCC_C_LANGUAGE_STANDARD = gnu11;
				GCC_NO_COMMON_BLOCKS = YES;
				GCC_WARN_64_TO_32_BIT_CONVERSION = YES;
				GCC_WARN_ABOUT_RETURN_TYPE = YES_ERROR;
				GCC_WARN_UNDECLARED_SELECTOR = YES;
				GCC_WARN_UNINITIALIZED_AUTOS = YES_AGGRESSIVE;
				GCC_WARN_UNUSED_FUNCTION = YES;
				GCC_WARN_UNUSED_VARIABLE = YES;
				IPHONEOS_DEPLOYMENT_TARGET = 12.2;
				MTL_ENABLE_DEBUG_INFO = NO;
				MTL_FAST_MATH = YES;
				SDKROOT = iphoneos;
				SWIFT_COMPILATION_MODE = wholemodule;
				SWIFT_OPTIMIZATION_LEVEL = "-O";
				VALIDATE_PRODUCT = YES;
			};
			name = Release;
		};
		E7D45C3E227C8F2B005E0D18 /* Debug */ = {
			isa = XCBuildConfiguration;
			buildSettings = {
				ASSETCATALOG_COMPILER_APPICON_NAME = AppIcon;
				CODE_SIGN_IDENTITY = "iPhone Developer";
				CODE_SIGN_STYLE = Automatic;
				DEVELOPMENT_TEAM = SCUWM99H2M;
				INFOPLIST_FILE = messagingapp/Info.plist;
				IPHONEOS_DEPLOYMENT_TARGET = 11.4;
				LD_RUNPATH_SEARCH_PATHS = (
					"$(inherited)",
					"@executable_path/Frameworks",
				);
				PRODUCT_BUNDLE_IDENTIFIER = yan.messagingapp;
				PRODUCT_NAME = "$(TARGET_NAME)";
				PROVISIONING_PROFILE_SPECIFIER = "";
				SWIFT_VERSION = 5.0;
				TARGETED_DEVICE_FAMILY = "1,2";
			};
			name = Debug;
		};
		E7D45C3F227C8F2B005E0D18 /* Release */ = {
			isa = XCBuildConfiguration;
			buildSettings = {
				ASSETCATALOG_COMPILER_APPICON_NAME = AppIcon;
				CODE_SIGN_IDENTITY = "iPhone Developer";
				CODE_SIGN_STYLE = Automatic;
				DEVELOPMENT_TEAM = SCUWM99H2M;
				INFOPLIST_FILE = messagingapp/Info.plist;
				IPHONEOS_DEPLOYMENT_TARGET = 11.4;
				LD_RUNPATH_SEARCH_PATHS = (
					"$(inherited)",
					"@executable_path/Frameworks",
				);
				PRODUCT_BUNDLE_IDENTIFIER = yan.messagingapp;
				PRODUCT_NAME = "$(TARGET_NAME)";
				PROVISIONING_PROFILE_SPECIFIER = "";
				SWIFT_VERSION = 5.0;
				TARGETED_DEVICE_FAMILY = "1,2";
			};
			name = Release;
		};
		E7D45C41227C8F2B005E0D18 /* Debug */ = {
			isa = XCBuildConfiguration;
			buildSettings = {
				ALWAYS_EMBED_SWIFT_STANDARD_LIBRARIES = YES;
				BUNDLE_LOADER = "$(TEST_HOST)";
				CODE_SIGN_STYLE = Automatic;
				INFOPLIST_FILE = messagingappTests/Info.plist;
				LD_RUNPATH_SEARCH_PATHS = (
					"$(inherited)",
					"@executable_path/Frameworks",
					"@loader_path/Frameworks",
				);
				PRODUCT_BUNDLE_IDENTIFIER = a.messagingappTests;
				PRODUCT_NAME = "$(TARGET_NAME)";
				SWIFT_VERSION = 5.0;
				TARGETED_DEVICE_FAMILY = "1,2";
				TEST_HOST = "$(BUILT_PRODUCTS_DIR)/messagingapp.app/messagingapp";
			};
			name = Debug;
		};
		E7D45C42227C8F2B005E0D18 /* Release */ = {
			isa = XCBuildConfiguration;
			buildSettings = {
				ALWAYS_EMBED_SWIFT_STANDARD_LIBRARIES = YES;
				BUNDLE_LOADER = "$(TEST_HOST)";
				CODE_SIGN_STYLE = Automatic;
				INFOPLIST_FILE = messagingappTests/Info.plist;
				LD_RUNPATH_SEARCH_PATHS = (
					"$(inherited)",
					"@executable_path/Frameworks",
					"@loader_path/Frameworks",
				);
				PRODUCT_BUNDLE_IDENTIFIER = a.messagingappTests;
				PRODUCT_NAME = "$(TARGET_NAME)";
				SWIFT_VERSION = 5.0;
				TARGETED_DEVICE_FAMILY = "1,2";
				TEST_HOST = "$(BUILT_PRODUCTS_DIR)/messagingapp.app/messagingapp";
			};
			name = Release;
		};
		E7D45C44227C8F2B005E0D18 /* Debug */ = {
			isa = XCBuildConfiguration;
			buildSettings = {
				ALWAYS_EMBED_SWIFT_STANDARD_LIBRARIES = YES;
				CODE_SIGN_STYLE = Automatic;
				INFOPLIST_FILE = messagingappUITests/Info.plist;
				LD_RUNPATH_SEARCH_PATHS = (
					"$(inherited)",
					"@executable_path/Frameworks",
					"@loader_path/Frameworks",
				);
				PRODUCT_BUNDLE_IDENTIFIER = a.messagingappUITests;
				PRODUCT_NAME = "$(TARGET_NAME)";
				SWIFT_VERSION = 5.0;
				TARGETED_DEVICE_FAMILY = "1,2";
				TEST_TARGET_NAME = messagingapp;
			};
			name = Debug;
		};
		E7D45C45227C8F2B005E0D18 /* Release */ = {
			isa = XCBuildConfiguration;
			buildSettings = {
				ALWAYS_EMBED_SWIFT_STANDARD_LIBRARIES = YES;
				CODE_SIGN_STYLE = Automatic;
				INFOPLIST_FILE = messagingappUITests/Info.plist;
				LD_RUNPATH_SEARCH_PATHS = (
					"$(inherited)",
					"@executable_path/Frameworks",
					"@loader_path/Frameworks",
				);
				PRODUCT_BUNDLE_IDENTIFIER = a.messagingappUITests;
				PRODUCT_NAME = "$(TARGET_NAME)";
				SWIFT_VERSION = 5.0;
				TARGETED_DEVICE_FAMILY = "1,2";
				TEST_TARGET_NAME = messagingapp;
			};
			name = Release;
		};
/* End XCBuildConfiguration section */

/* Begin XCConfigurationList section */
		E7D45C10227C8F08005E0D18 /* Build configuration list for PBXProject "messagingapp" */ = {
			isa = XCConfigurationList;
			buildConfigurations = (
				E7D45C3B227C8F2B005E0D18 /* Debug */,
				E7D45C3C227C8F2B005E0D18 /* Release */,
			);
			defaultConfigurationIsVisible = 0;
			defaultConfigurationName = Release;
		};
		E7D45C3D227C8F2B005E0D18 /* Build configuration list for PBXNativeTarget "messagingapp" */ = {
			isa = XCConfigurationList;
			buildConfigurations = (
				E7D45C3E227C8F2B005E0D18 /* Debug */,
				E7D45C3F227C8F2B005E0D18 /* Release */,
			);
			defaultConfigurationIsVisible = 0;
			defaultConfigurationName = Release;
		};
		E7D45C40227C8F2B005E0D18 /* Build configuration list for PBXNativeTarget "messagingappTests" */ = {
			isa = XCConfigurationList;
			buildConfigurations = (
				E7D45C41227C8F2B005E0D18 /* Debug */,
				E7D45C42227C8F2B005E0D18 /* Release */,
			);
			defaultConfigurationIsVisible = 0;
			defaultConfigurationName = Release;
		};
		E7D45C43227C8F2B005E0D18 /* Build configuration list for PBXNativeTarget "messagingappUITests" */ = {
			isa = XCConfigurationList;
			buildConfigurations = (
				E7D45C44227C8F2B005E0D18 /* Debug */,
				E7D45C45227C8F2B005E0D18 /* Release */,
			);
			defaultConfigurationIsVisible = 0;
			defaultConfigurationName = Release;
		};
/* End XCConfigurationList section */
	};
	rootObject = E7D45C0D227C8F08005E0D18 /* Project object */;
}
